
Microsoft Visual Studio Solution File, Format Version 12.00
# Visual Studio Version 17
VisualStudioVersion = 17.10.34916.146
MinimumVisualStudioVersion = 10.0.40219.1
Project("{FAE04EC0-301F-11D3-BF4B-00C04F79EFBC}") = "TaskManyToMany", "TaskManyToMany\TaskManyToMany.csproj", "{73EABE1A-47FC-4C46-8A02-79BEA3A7BA6C}"
EndProject
Project("{FAE04EC0-301F-11D3-BF4B-00C04F79EFBC}") = "Domain", "Domain\Domain.csproj", "{807A607E-EFA4-4CDA-B759-309B4AF8BEEF}"
EndProject
Project("{FAE04EC0-301F-11D3-BF4B-00C04F79EFBC}") = "Repository", "Repository\Repository.csproj", "{E0470A65-D916-4F67-A85A-A773AD0BF677}"
EndProject
Project("{FAE04EC0-301F-11D3-BF4B-00C04F79EFBC}") = "Service", "Service\Service.csproj", "{B31BD379-32A1-4657-B386-B9A3CD8C73EF}"
EndProject
Global
	GlobalSection(SolutionConfigurationPlatforms) = preSolution
		Debug|Any CPU = Debug|Any CPU
		Release|Any CPU = Release|Any CPU
	EndGlobalSection
	GlobalSection(ProjectConfigurationPlatforms) = postSolution
		{73EABE1A-47FC-4C46-8A02-79BEA3A7BA6C}.Debug|Any CPU.ActiveCfg = Debug|Any CPU
		{73EABE1A-47FC-4C46-8A02-79BEA3A7BA6C}.Debug|Any CPU.Build.0 = Debug|Any CPU
		{73EABE1A-47FC-4C46-8A02-79BEA3A7BA6C}.Release|Any CPU.ActiveCfg = Release|Any CPU
		{73EABE1A-47FC-4C46-8A02-79BEA3A7BA6C}.Release|Any CPU.Build.0 = Release|Any CPU
		{807A607E-EFA4-4CDA-B759-309B4AF8BEEF}.Debug|Any CPU.ActiveCfg = Debug|Any CPU
		{807A607E-EFA4-4CDA-B759-309B4AF8BEEF}.Debug|Any CPU.Build.0 = Debug|Any CPU
		{807A607E-EFA4-4CDA-B759-309B4AF8BEEF}.Release|Any CPU.ActiveCfg = Release|Any CPU
		{807A607E-EFA4-4CDA-B759-309B4AF8BEEF}.Release|Any CPU.Build.0 = Release|Any CPU
		{E0470A65-D916-4F67-A85A-A773AD0BF677}.Debug|Any CPU.ActiveCfg = Debug|Any CPU
		{E0470A65-D916-4F67-A85A-A773AD0BF677}.Debug|Any CPU.Build.0 = Debug|Any CPU
		{E0470A65-D916-4F67-A85A-A773AD0BF677}.Release|Any CPU.ActiveCfg = Release|Any CPU
		{E0470A65-D916-4F67-A85A-A773AD0BF677}.Release|Any CPU.Build.0 = Release|Any CPU
		{B31BD379-32A1-4657-B386-B9A3CD8C73EF}.Debug|Any CPU.ActiveCfg = Debug|Any CPU
		{B31BD379-32A1-4657-B386-B9A3CD8C73EF}.Debug|Any CPU.Build.0 = Debug|Any CPU
		{B31BD379-32A1-4657-B386-B9A3CD8C73EF}.Release|Any CPU.ActiveCfg = Release|Any CPU
		{B31BD379-32A1-4657-B386-B9A3CD8C73EF}.Release|Any CPU.Build.0 = Release|Any CPU
	EndGlobalSection
	GlobalSection(SolutionProperties) = preSolution
		HideSolutionNode = FALSE
	EndGlobalSection
	GlobalSection(ExtensibilityGlobals) = postSolution
		SolutionGuid = {624BF577-B06A-45E6-B835-A4BADCB13F78}
	EndGlobalSection
EndGlobal
